
Microsoft Visual Studio Solution File, Format Version 12.00
# Visual Studio Version 16
VisualStudioVersion = 16.0.29324.140
MinimumVisualStudioVersion = 10.0.40219.1
Project("{FAE04EC0-301F-11D3-BF4B-00C04F79EFBC}") = "WindowsFormsApp1", "WindowsFormsApp1.csproj", "{4C3DD7F6-BC07-4D15-B1F5-AD0071AADD24}"
EndProject
Global
	GlobalSection(SolutionConfigurationPlatforms) = preSolution
		Debug|Any CPU = Debug|Any CPU
		Release|Any CPU = Release|Any CPU
	EndGlobalSection
	GlobalSection(ProjectConfigurationPlatforms) = postSolution
		{4C3DD7F6-BC07-4D15-B1F5-AD0071AADD24}.Debug|Any CPU.ActiveCfg = Debug|Any CPU
		{4C3DD7F6-BC07-4D15-B1F5-AD0071AADD24}.Debug|Any CPU.Build.0 = Debug|Any CPU
		{4C3DD7F6-BC07-4D15-B1F5-AD0071AADD24}.Release|Any CPU.ActiveCfg = Release|Any CPU
		{4C3DD7F6-BC07-4D15-B1F5-AD0071AADD24}.Release|Any CPU.Build.0 = Release|Any CPU
	EndGlobalSection
	GlobalSection(SolutionProperties) = preSolution
		HideSolutionNode = FALSE
	EndGlobalSection
	GlobalSection(ExtensibilityGlobals) = postSolution
		SolutionGuid = {C002CC5E-0DD4-40A2-9B0D-334326577A5F}
	EndGlobalSection
EndGlobal
